
Microsoft Visual Studio Solution File, Format Version 12.00
# Visual Studio 2013
VisualStudioVersion = 12.0.30501.0
MinimumVisualStudioVersion = 10.0.40219.1
Project("{FAE04EC0-301F-11D3-BF4B-00C04F79EFBC}") = "Karo", "Karo\Karo.csproj", "{2EB325FA-FA56-4D61-819C-783866711163}"
EndProject
Project("{FAE04EC0-301F-11D3-BF4B-00C04F79EFBC}") = "Karo-server", "Karo-server\Karo-server.csproj", "{674DFB0B-0D0B-43AC-991A-BCB1E9D976AE}"
EndProject
Global
	GlobalSection(SolutionConfigurationPlatforms) = preSolution
		Debug|Any CPU = Debug|Any CPU
		Release|Any CPU = Release|Any CPU
	EndGlobalSection
	GlobalSection(ProjectConfigurationPlatforms) = postSolution
		{2EB325FA-FA56-4D61-819C-783866711163}.Debug|Any CPU.ActiveCfg = Debug|Any CPU
		{2EB325FA-FA56-4D61-819C-783866711163}.Debug|Any CPU.Build.0 = Debug|Any CPU
		{2EB325FA-FA56-4D61-819C-783866711163}.Release|Any CPU.ActiveCfg = Release|Any CPU
		{2EB325FA-FA56-4D61-819C-783866711163}.Release|Any CPU.Build.0 = Release|Any CPU
		{674DFB0B-0D0B-43AC-991A-BCB1E9D976AE}.Debug|Any CPU.ActiveCfg = Debug|Any CPU
		{674DFB0B-0D0B-43AC-991A-BCB1E9D976AE}.Debug|Any CPU.Build.0 = Debug|Any CPU
		{674DFB0B-0D0B-43AC-991A-BCB1E9D976AE}.Release|Any CPU.ActiveCfg = Release|Any CPU
		{674DFB0B-0D0B-43AC-991A-BCB1E9D976AE}.Release|Any CPU.Build.0 = Release|Any CPU
	EndGlobalSection
	GlobalSection(SolutionProperties) = preSolution
		HideSolutionNode = FALSE
	EndGlobalSection
EndGlobal
